dependencies:
  espressif/cjson:
    component_hash: e788323270d90738662d66fffa910bfe1fba019bba087f01557e70c40485b469
    dependencies:
    - name: idf
      require: private
      version: '>=5.0'
    source:
      registry_url: https://components.espressif.com/
      type: service
    version: 1.7.19~2
  espressif/cmake_utilities:
    component_hash: 351350613ceafba240b761b4ea991e0f231ac7a9f59a9ee901f751bddc0bb18f
    dependencies:
    - name: idf
      require: private
      version: '>=4.1'
    source:
      registry_url: https://components.espressif.com
      type: service
    version: 0.5.3
  espressif/eppp_link:
    component_hash: 04f7f31868b8ae6014c96132740a192d09611a6e46aaa7038c865ffc7e26b38f
    dependencies:
    - name: espressif/esp_serial_slave_link
      registry_url: https://components.espressif.com
      require: private
      version: ^1.1.0
    - name: idf
      require: private
      version: '>=5.2'
    source:
      registry_url: https://components.espressif.com
      type: service
    version: 1.1.5
  espressif/esp_cam_sensor:
    component_hash: 4ed9e34055a7ac5d6c60552c21dfa470deaadb7eda8040d157c5f3314de8d2fd
    dependencies:
    - name: espressif/cmake_utilities
      registry_url: https://components.espressif.com
      require: private
      version: 0.*
    - name: espressif/esp_sccb_intf
      registry_url: https://components.espressif.com
      require: private
      version: '>=0.0.5'
    - name: idf
      require: private
      version: '>=5.3'
    source:
      registry_url: https://components.espressif.com
      type: service
    targets:
    - esp32p4
    - esp32s3
    - esp32c3
    - esp32c5
    - esp32c6
    - esp32c61
    - esp32s31
    version: 2.3.0
  espressif/esp_h264:
    component_hash: 40cb64e697a8cfd787453165f6ce54e1fb8601844448eb073d677b9f9fde071e
    dependencies:
    - name: idf
      require: private
      version: '>=4.4'
    source:
      registry_url: https://components.espressif.com
      type: service
    targets:
    - esp32s3
    - esp32p4
    version: 1.3.0
  espressif/esp_hosted:
    component_hash: f970ce453bcd6e779e067de04488aa6212295f4a607f041d038844c8cf8edea3
    dependencies:
    - name: idf
      require: private
      version: '>=5.3'
    source:
      registry_url: https://components.espressif.com/
      type: service
    version: 2.12.11
  espressif/esp_ipa:
    component_hash: da24ae8139754b48af75a8c737b81e8eb7fc5a7af4ced5d70af1feb3a056838c
    dependencies:
    - name: espressif/cmake_utilities
      registry_url: https://components.espressif.com
      require: private
      version: 0.*
    - name: idf
      require: private
      version: '>=5.4'
    source:
      registry_url: https://components.espressif.com
      type: service
    targets:
    - esp32p4
    version: 2.2.0~1
  espressif/esp_sccb_intf:
    component_hash: c071b189e49f40940722aea01a5489f873385cc39cd5b14012341135b85d1a9d
    dependencies:
    - name: idf
      require: private
      version: '>=5.3'
    source:
      registry_url: https://components.espressif.com
      type: service
    version: 0.0.8
  espressif/esp_serial_slave_link:
    component_hash: ac1776806de0a6e371c84e87898bb983e19ce62aa7f1e2e5c4a3b0234a575d2c
    dependencies:
    - name: idf
      require: private
      version: '>=5.0'
    source:
      registry_url: https://components.espressif.com
      type: service
    version: 1.1.2
  espressif/esp_tinyusb:
    component_hash: 9a73a76a6bc17907f6e523342ff6b1e440023e8aac2c11f4691212106ec24e66
    dependencies:
    - name: idf
      require: private
      version: '>=5.0'
    - name: espressif/tinyusb
      registry_url: https://components.espressif.com
      require: public
      version: '>=0.17.0~2'
    source:
      registry_url: https://components.espressif.com/
      type: service
    targets:
    - esp32s2
    - esp32s3
    - esp32p4
    - esp32h4
    - esp32s31
    version: 2.2.1
  espressif/esp_video:
    component_hash: 2391b4f34230cb1eeea23a0cb1920ae762bb9f0252d4947fe981154530519198
    dependencies:
    - name: espressif/cmake_utilities
      registry_url: https://components.espressif.com
      require: private
      version: 0.*
    - name: espressif/esp_cam_sensor
      registry_url: https://components.espressif.com
      require: private
      version: 2.3.*
    - name: espressif/esp_h264
      registry_url: https://components.espressif.com
      require: private
      rules:
      - if: target in [esp32p4]
      version: 1.3.0
    - name: espressif/esp_ipa
      registry_url: https://components.espressif.com
      require: private
      rules:
      - if: target in [esp32p4]
      version: 2.2.*
    - name: idf
      require: private
      version: '>=5.4'
    - name: espressif/usb_host_uvc
      registry_url: https://components.espressif.com
      require: private
      rules:
      - if: target in [esp32p4, esp32s3, esp32s31]
      version: 2.5.*
    source:
      registry_url: https://components.espressif.com/
      type: service
    targets:
    - esp32p4
    - esp32s3
    - esp32c3
    - esp32c5
    - esp32c6
    - esp32c61
    - esp32s31
    version: 2.3.0
  espressif/esp_wifi_remote:
    component_hash: df05028f37207964fc2e54b01d8d71f680d979800d3667802606c9d7b0281c16
    dependencies:
    - name: espressif/esp_hosted
      registry_url: https://components.espressif.com
      require: private
      rules:
      - if: target in [esp32h2, esp32p4]
      version: '>=2.11'
    - name: espressif/wifi_remote_over_eppp
      registry_url: https://components.espressif.com
      require: private
      version: '>=0.1'
    - name: idf
      require: private
      version: '>=5.3'
    source:
      registry_url: https://components.espressif.com/
      type: service
    version: 1.6.2
  espressif/tinyusb:
    component_hash: a72b7d67472914ab76309340fd50d578b31e310963d45ad0f81144bde3314752
    dependencies:
    - name: idf
      require: private
      version: '>=5.0'
    source:
      registry_url: https://components.espressif.com
      type: service
    targets:
    - esp32s2
    - esp32s3
    - esp32p4
    - esp32h4
    - esp32s31
    version: 0.21.0~1
  espressif/usb:
    component_hash: 1d90d7c7b0682dbfcc36f47cf5acf224a5cfb850a62f39cd86d3159cfec12a81
    dependencies:
    - name: idf
      require: private
      version: '>=5.4'
    source:
      registry_url: https://components.espressif.com
      type: service
    targets:
    - esp32s2
    - esp32s3
    - esp32s31
    - esp32p4
    - esp32h4
    - linux
    version: 1.4.1
  espressif/usb_host_uvc:
    component_hash: 3dde9c89980212de1e394a29d3fe782a2988a08fd2a16af34eee6f642aab6ebe
    dependencies:
    - name: idf
      require: private
      version: '>=5.0'
    - name: espressif/usb
      registry_url: https://components.espressif.com
      require: public
      rules:
      - if: idf_version >=6.0
      - if: target not in ["linux"]
      version: ^1.0.0
    source:
      registry_url: https://components.espressif.com
      type: service
    targets:
    - esp32s2
    - esp32s3
    - esp32p4
    - esp32h4
    - esp32s31
    - linux
    version: 2.5.1
  espressif/wifi_remote_over_eppp:
    component_hash: 1fd6968af20f0b19e421f6b519b0a8caf81d689afc3783b564c28559e45f66ef
    dependencies:
    - name: espressif/eppp_link
      registry_url: https://components.espressif.com
      require: private
      version: '>=0.1'
    - name: idf
      require: private
      version: '>=5.3'
    source:
      registry_url: https://components.espressif.com
      type: service
    version: 0.3.3
  idf:
    source:
      type: idf
    version: 6.0.2
direct_dependencies:
- espressif/cjson
- espressif/esp_hosted
- espressif/esp_tinyusb
- espressif/esp_video
- espressif/esp_wifi_remote
- idf
manifest_hash: dd82aee801ec08c09a423ffdfbcc5a8bfd91e01703d93eba552538bc1fd8a9c6
target: esp32p4
version: 3.0.0
